lockfileVersion: '9.0'

settings:
  autoInstallPeers: true
  excludeLinksFromLockfile: false

importers:

  .:
    dependencies:
      cytoscape:
        specifier: 3.34.1
        version: 3.34.1
      cytoscape-dagre:
        specifier: 4.0.0
        version: 4.0.0(cytoscape@3.34.1)
      dagre:
        specifier: 0.8.5
        version: 0.8.5

packages:

  cytoscape-dagre@4.0.0:
    resolution: {integrity: sha512-wsDgi1hHpWfslQxe/Gd/xCCeg2YUDrzwulhHOSI7fMfll92FFVY2AWhSRulLiOVcyDE4zz0rRd/+1TBTw+ew5Q==}
    peerDependencies:
      cytoscape: ^3.2.22

  cytoscape@3.34.1:
    resolution: {integrity: sha512-Lr0RvH9H75y9ar8h9Toy6u4lxRSCcxUq+hHcQ26sVWo6BnaQp1gwEZOYqwuYTZhyW7npyKnNLP8oJ2p1/3OZ7g==}
    engines: {node: '>=0.10'}

  dagre@0.8.5:
    resolution: {integrity: sha512-/aTqmnRta7x7MCCpExk7HQL2O4owCT2h8NT//9I1OQ9vt29Pa0BzSAkR5lwFUcQ7491yVi/3CXU9jQ5o0Mn2Sw==}

  graphlib@2.1.8:
    resolution: {integrity: sha512-jcLLfkpoVGmH7/InMC/1hIvOPSUh38oJtGhvrOFGzioE1DZ+0YW16RgmOJhHiuWTvGiJQ9Z1Ik43JvkRPRvE+A==}

  lodash@4.18.1:
    resolution: {integrity: sha512-dMInicTPVE8d1e5otfwmmjlxkZoUpiVLwyeTdUsi/Caj/gfzzblBcCE5sRHV/AsjuCmxWrte2TNGSYuCeCq+0Q==}

snapshots:

  cytoscape-dagre@4.0.0(cytoscape@3.34.1):
    dependencies:
      cytoscape: 3.34.1

  cytoscape@3.34.1: {}

  dagre@0.8.5:
    dependencies:
      graphlib: 2.1.8
      lodash: 4.18.1

  graphlib@2.1.8:
    dependencies:
      lodash: 4.18.1

  lodash@4.18.1: {}
